
Microsoft Visual Studio Solution File, Format Version 12.00
# Visual Studio Version 16
VisualStudioVersion = 16.0.31605.320
MinimumVisualStudioVersion = 10.0.40219.1
Project("{FAE04EC0-301F-11D3-BF4B-00C04F79EFBC}") = "StudentExam.UI", "StudentExam\StudentExam.UI.csproj", "{1102EDAB-0B99-4952-885A-65B6400E4E46}"
EndProject
Project("{FAE04EC0-301F-11D3-BF4B-00C04F79EFBC}") = "StudentExam.Services", "StudentExam.Services\StudentExam.Services.csproj", "{CD98AFBC-25E1-4FEF-B8DE-728DE7B20AC6}"
EndProject
Project("{FAE04EC0-301F-11D3-BF4B-00C04F79EFBC}") = "StudentExam.Domain", "StudentExam.Domain\StudentExam.Domain.csproj", "{C19EED68-B109-4FD4-BBDC-3438F6D6C956}"
EndProject
Global
	GlobalSection(SolutionConfigurationPlatforms) = preSolution
		Debug|Any CPU = Debug|Any CPU
		Release|Any CPU = Release|Any CPU
	EndGlobalSection
	GlobalSection(ProjectConfigurationPlatforms) = postSolution
		{1102EDAB-0B99-4952-885A-65B6400E4E46}.Debug|Any CPU.ActiveCfg = Debug|Any CPU
		{1102EDAB-0B99-4952-885A-65B6400E4E46}.Debug|Any CPU.Build.0 = Debug|Any CPU
		{1102EDAB-0B99-4952-885A-65B6400E4E46}.Release|Any CPU.ActiveCfg = Release|Any CPU
		{1102EDAB-0B99-4952-885A-65B6400E4E46}.Release|Any CPU.Build.0 = Release|Any CPU
		{CD98AFBC-25E1-4FEF-B8DE-728DE7B20AC6}.Debug|Any CPU.ActiveCfg = Debug|Any CPU
		{CD98AFBC-25E1-4FEF-B8DE-728DE7B20AC6}.Debug|Any CPU.Build.0 = Debug|Any CPU
		{CD98AFBC-25E1-4FEF-B8DE-728DE7B20AC6}.Release|Any CPU.ActiveCfg = Release|Any CPU
		{CD98AFBC-25E1-4FEF-B8DE-728DE7B20AC6}.Release|Any CPU.Build.0 = Release|Any CPU
		{C19EED68-B109-4FD4-BBDC-3438F6D6C956}.Debug|Any CPU.ActiveCfg = Debug|Any CPU
		{C19EED68-B109-4FD4-BBDC-3438F6D6C956}.Debug|Any CPU.Build.0 = Debug|Any CPU
		{C19EED68-B109-4FD4-BBDC-3438F6D6C956}.Release|Any CPU.ActiveCfg = Release|Any CPU
		{C19EED68-B109-4FD4-BBDC-3438F6D6C956}.Release|Any CPU.Build.0 = Release|Any CPU
	EndGlobalSection
	GlobalSection(SolutionProperties) = preSolution
		HideSolutionNode = FALSE
	EndGlobalSection
	GlobalSection(ExtensibilityGlobals) = postSolution
		SolutionGuid = {73C7A581-C15A-48E1-850B-C288AE5E9696}
	EndGlobalSection
EndGlobal
